
Microsoft Visual Studio Solution File, Format Version 12.00
# Visual Studio Version 16
VisualStudioVersion = 16.0.34031.81
MinimumVisualStudioVersion = 10.0.40219.1
Project("{2150E333-8FDC-42A3-9474-1A3956D46DE8}") = "Task0", "Task0", "{91AC08CC-3788-45EA-B2D3-191D8274811C}"
EndProject
Project("{FAE04EC0-301F-11D3-BF4B-00C04F79EFBC}") = "Tyuiu.SorokinAD.Sprint3.Task0.V22", "Tyuiu.SorokinAD.Sprint3.Task0.V22\Tyuiu.SorokinAD.Sprint3.Task0.V22.csproj", "{D33DF4F3-139F-46A2-B593-0991D8768847}"
EndProject
Project("{FAE04EC0-301F-11D3-BF4B-00C04F79EFBC}") = "Tyuiu.SorokinAD.Sprint3.Task0.V22.Lib", "Tyuiu.SorokinAD.Sprint3.Task0.V22.Lib\Tyuiu.SorokinAD.Sprint3.Task0.V22.Lib.csproj", "{1388B0E9-1743-40ED-B885-EF9B6305064C}"
EndProject
Project("{FAE04EC0-301F-11D3-BF4B-00C04F79EFBC}") = "Tyuiu.SorokinAD.Sprint3.Task0.V22.Test", "Tyuiu.SorokinAD.Sprint3.Task0.V22.Test\Tyuiu.SorokinAD.Sprint3.Task0.V22.Test.csproj", "{15898A51-2534-4708-BEC9-7DC6A19B7174}"
EndProject
Global
	GlobalSection(SolutionConfigurationPlatforms) = preSolution
		Debug|Any CPU = Debug|Any CPU
		Release|Any CPU = Release|Any CPU
	EndGlobalSection
	GlobalSection(ProjectConfigurationPlatforms) = postSolution
		{D33DF4F3-139F-46A2-B593-0991D8768847}.Debug|Any CPU.ActiveCfg = Debug|Any CPU
		{D33DF4F3-139F-46A2-B593-0991D8768847}.Debug|Any CPU.Build.0 = Debug|Any CPU
		{D33DF4F3-139F-46A2-B593-0991D8768847}.Release|Any CPU.ActiveCfg = Release|Any CPU
		{D33DF4F3-139F-46A2-B593-0991D8768847}.Release|Any CPU.Build.0 = Release|Any CPU
		{1388B0E9-1743-40ED-B885-EF9B6305064C}.Debug|Any CPU.ActiveCfg = Debug|Any CPU
		{1388B0E9-1743-40ED-B885-EF9B6305064C}.Debug|Any CPU.Build.0 = Debug|Any CPU
		{1388B0E9-1743-40ED-B885-EF9B6305064C}.Release|Any CPU.ActiveCfg = Release|Any CPU
		{1388B0E9-1743-40ED-B885-EF9B6305064C}.Release|Any CPU.Build.0 = Release|Any CPU
		{15898A51-2534-4708-BEC9-7DC6A19B7174}.Debug|Any CPU.ActiveCfg = Debug|Any CPU
		{15898A51-2534-4708-BEC9-7DC6A19B7174}.Debug|Any CPU.Build.0 = Debug|Any CPU
		{15898A51-2534-4708-BEC9-7DC6A19B7174}.Release|Any CPU.ActiveCfg = Release|Any CPU
		{15898A51-2534-4708-BEC9-7DC6A19B7174}.Release|Any CPU.Build.0 = Release|Any CPU
	EndGlobalSection
	GlobalSection(SolutionProperties) = preSolution
		HideSolutionNode = FALSE
	EndGlobalSection
	GlobalSection(NestedProjects) = preSolution
		{D33DF4F3-139F-46A2-B593-0991D8768847} = {91AC08CC-3788-45EA-B2D3-191D8274811C}
		{1388B0E9-1743-40ED-B885-EF9B6305064C} = {91AC08CC-3788-45EA-B2D3-191D8274811C}
		{15898A51-2534-4708-BEC9-7DC6A19B7174} = {91AC08CC-3788-45EA-B2D3-191D8274811C}
	EndGlobalSection
	GlobalSection(ExtensibilityGlobals) = postSolution
		SolutionGuid = {FFA3C62D-00CE-478B-B3C4-8B12014AD19A}
	EndGlobalSection
EndGlobal
